
Microsoft Visual Studio Solution File, Format Version 12.00
# Visual Studio Version 17
VisualStudioVersion = 17.6.33717.318
MinimumVisualStudioVersion = 10.0.40219.1
Project("{FAE04EC0-301F-11D3-BF4B-00C04F79EFBC}") = "CatalogoMinimalAPI", "CatalogoMinimalAPI\CatalogoMinimalAPI.csproj", "{F376EFE5-5A70-4BDB-A214-2EFFF9E8531C}"
EndProject
Global
	GlobalSection(SolutionConfigurationPlatforms) = preSolution
		Debug|Any CPU = Debug|Any CPU
		Release|Any CPU = Release|Any CPU
	EndGlobalSection
	GlobalSection(ProjectConfigurationPlatforms) = postSolution
		{F376EFE5-5A70-4BDB-A214-2EFFF9E8531C}.Debug|Any CPU.ActiveCfg = Debug|Any CPU
		{F376EFE5-5A70-4BDB-A214-2EFFF9E8531C}.Debug|Any CPU.Build.0 = Debug|Any CPU
		{F376EFE5-5A70-4BDB-A214-2EFFF9E8531C}.Release|Any CPU.ActiveCfg = Release|Any CPU
		{F376EFE5-5A70-4BDB-A214-2EFFF9E8531C}.Release|Any CPU.Build.0 = Release|Any CPU
	EndGlobalSection
	GlobalSection(SolutionProperties) = preSolution
		HideSolutionNode = FALSE
	EndGlobalSection
	GlobalSection(ExtensibilityGlobals) = postSolution
		SolutionGuid = {BD691B44-EA1D-473C-A4D3-707560A8F021}
	EndGlobalSection
EndGlobal
